
Microsoft Visual Studio Solution File, Format Version 12.00
# Visual Studio Version 16
VisualStudioVersion = 16.0.30517.126
MinimumVisualStudioVersion = 10.0.40219.1
Project("{FAE04EC0-301F-11D3-BF4B-00C04F79EFBC}") = "HarcosProjekt", "HarcosProjekt\HarcosProjekt.csproj", "{B721BFBD-4311-4900-959F-CDAE4E308147}"
EndProject
Global
	GlobalSection(SolutionConfigurationPlatforms) = preSolution
		Debug|Any CPU = Debug|Any CPU
		Release|Any CPU = Release|Any CPU
	EndGlobalSection
	GlobalSection(ProjectConfigurationPlatforms) = postSolution
		{B721BFBD-4311-4900-959F-CDAE4E308147}.Debug|Any CPU.ActiveCfg = Debug|Any CPU
		{B721BFBD-4311-4900-959F-CDAE4E308147}.Debug|Any CPU.Build.0 = Debug|Any CPU
		{B721BFBD-4311-4900-959F-CDAE4E308147}.Release|Any CPU.ActiveCfg = Release|Any CPU
		{B721BFBD-4311-4900-959F-CDAE4E308147}.Release|Any CPU.Build.0 = Release|Any CPU
	EndGlobalSection
	GlobalSection(SolutionProperties) = preSolution
		HideSolutionNode = FALSE
	EndGlobalSection
	GlobalSection(ExtensibilityGlobals) = postSolution
		SolutionGuid = {5BD01E8C-6F0D-4968-A4FB-CB52A3812DF1}
	EndGlobalSection
EndGlobal
